
Microsoft Visual Studio Solution File, Format Version 12.00
# Visual Studio Version 16
VisualStudioVersion = 16.0.31019.35
MinimumVisualStudioVersion = 10.0.40219.1
Project("{FAE04EC0-301F-11D3-BF4B-00C04F79EFBC}") = "MonitoringDemo", "MonitoringDemo\MonitoringDemo.csproj", "{04AAFA6E-8A31-484C-B5D6-5C67AF7AE2A7}"
EndProject
Project("{E53339B2-1760-4266-BCC7-CA923CBCF16C}") = "docker-compose", "docker-compose.dcproj", "{3AB8E09D-B056-422B-9C4C-27C44E166A5D}"
EndProject
Global
	GlobalSection(SolutionConfigurationPlatforms) = preSolution
		Debug|Any CPU = Debug|Any CPU
		Release|Any CPU = Release|Any CPU
	EndGlobalSection
	GlobalSection(ProjectConfigurationPlatforms) = postSolution
		{04AAFA6E-8A31-484C-B5D6-5C67AF7AE2A7}.Debug|Any CPU.ActiveCfg = Debug|Any CPU
		{04AAFA6E-8A31-484C-B5D6-5C67AF7AE2A7}.Debug|Any CPU.Build.0 = Debug|Any CPU
		{04AAFA6E-8A31-484C-B5D6-5C67AF7AE2A7}.Release|Any CPU.ActiveCfg = Release|Any CPU
		{04AAFA6E-8A31-484C-B5D6-5C67AF7AE2A7}.Release|Any CPU.Build.0 = Release|Any CPU
		{3AB8E09D-B056-422B-9C4C-27C44E166A5D}.Debug|Any CPU.ActiveCfg = Debug|Any CPU
		{3AB8E09D-B056-422B-9C4C-27C44E166A5D}.Debug|Any CPU.Build.0 = Debug|Any CPU
		{3AB8E09D-B056-422B-9C4C-27C44E166A5D}.Release|Any CPU.ActiveCfg = Release|Any CPU
		{3AB8E09D-B056-422B-9C4C-27C44E166A5D}.Release|Any CPU.Build.0 = Release|Any CPU
	EndGlobalSection
	GlobalSection(SolutionProperties) = preSolution
		HideSolutionNode = FALSE
	EndGlobalSection
	GlobalSection(ExtensibilityGlobals) = postSolution
		SolutionGuid = {7A452A4B-8418-409A-A304-445293B16BA1}
	EndGlobalSection
EndGlobal
